
Microsoft Visual Studio Solution File, Format Version 12.00
# Visual Studio Version 16
VisualStudioVersion = 16.0.31025.218
MinimumVisualStudioVersion = 10.0.40219.1
Project("{9A19103F-16F7-4668-BE54-9A1E7A4F7556}") = "TodoAPI", "TodoAPI\TodoAPI.csproj", "{031BDCD9-47B3-411C-A042-382601D414DC}"
EndProject
Project("{9A19103F-16F7-4668-BE54-9A1E7A4F7556}") = "TodoAPI.Domain", "TodoAPI.Domain\TodoAPI.Domain.csproj", "{9D689E4D-08FD-4F85-996D-78B021B33D4D}"
EndProject
Project("{9A19103F-16F7-4668-BE54-9A1E7A4F7556}") = "TodoAPI.Data", "TodoAPI.Data\TodoAPI.Data.csproj", "{90E6F87C-8C45-49A1-9C17-9FE295C34783}"
EndProject
Project("{2150E333-8FDC-42A3-9474-1A3956D46DE8}") = "Solution Items", "Solution Items", "{A0322BB5-1E79-4D70-9CED-F2DD8C2D0540}"
	ProjectSection(SolutionItems) = preProject
		.editorconfig = .editorconfig
	EndProjectSection
EndProject
Global
	GlobalSection(SolutionConfigurationPlatforms) = preSolution
		Debug|Any CPU = Debug|Any CPU
		Release|Any CPU = Release|Any CPU
	EndGlobalSection
	GlobalSection(ProjectConfigurationPlatforms) = postSolution
		{031BDCD9-47B3-411C-A042-382601D414DC}.Debug|Any CPU.ActiveCfg = Debug|Any CPU
		{031BDCD9-47B3-411C-A042-382601D414DC}.Debug|Any CPU.Build.0 = Debug|Any CPU
		{031BDCD9-47B3-411C-A042-382601D414DC}.Release|Any CPU.ActiveCfg = Release|Any CPU
		{031BDCD9-47B3-411C-A042-382601D414DC}.Release|Any CPU.Build.0 = Release|Any CPU
		{9D689E4D-08FD-4F85-996D-78B021B33D4D}.Debug|Any CPU.ActiveCfg = Debug|Any CPU
		{9D689E4D-08FD-4F85-996D-78B021B33D4D}.Debug|Any CPU.Build.0 = Debug|Any CPU
		{9D689E4D-08FD-4F85-996D-78B021B33D4D}.Release|Any CPU.ActiveCfg = Release|Any CPU
		{9D689E4D-08FD-4F85-996D-78B021B33D4D}.Release|Any CPU.Build.0 = Release|Any CPU
		{90E6F87C-8C45-49A1-9C17-9FE295C34783}.Debug|Any CPU.ActiveCfg = Debug|Any CPU
		{90E6F87C-8C45-49A1-9C17-9FE295C34783}.Debug|Any CPU.Build.0 = Debug|Any CPU
		{90E6F87C-8C45-49A1-9C17-9FE295C34783}.Release|Any CPU.ActiveCfg = Release|Any CPU
		{90E6F87C-8C45-49A1-9C17-9FE295C34783}.Release|Any CPU.Build.0 = Release|Any CPU
	EndGlobalSection
	GlobalSection(SolutionProperties) = preSolution
		HideSolutionNode = FALSE
	EndGlobalSection
	GlobalSection(ExtensibilityGlobals) = postSolution
		SolutionGuid = {01D56C45-391E-4286-8E90-7C2BACCCE7F7}
	EndGlobalSection
EndGlobal
